
Microsoft Visual Studio Solution File, Format Version 12.00
# Visual Studio 15
VisualStudioVersion = 15.0.27130.2010
MinimumVisualStudioVersion = 10.0.40219.1
Project("{2150E333-8FDC-42A3-9474-1A3956D46DE8}") = "TestMergeSend", "TestMergeSend", "{7B1147BF-7F87-4EA2-91F6-6EECD2192526}"
EndProject
Project("{FAE04EC0-301F-11D3-BF4B-00C04F79EFBC}") = "MergeServer", "MergeServer\MergeServer.csproj", "{4E17E040-D289-4121-B829-3A94D36378DA}"
	ProjectSection(ProjectDependencies) = postProject
		{3EC5915D-B7DC-4C6C-AC42-4CF00C17ADDC} = {3EC5915D-B7DC-4C6C-AC42-4CF00C17ADDC}
		{F196A6B2-A8FD-4771-B864-26B011462377} = {F196A6B2-A8FD-4771-B864-26B011462377}
	EndProjectSection
EndProject
Project("{FAE04EC0-301F-11D3-BF4B-00C04F79EFBC}") = "MergeClient", "MergeClient\MergeClient.csproj", "{80DA0EAA-2307-40BA-AC75-BF930350D51E}"
	ProjectSection(ProjectDependencies) = postProject
		{3EC5915D-B7DC-4C6C-AC42-4CF00C17ADDC} = {3EC5915D-B7DC-4C6C-AC42-4CF00C17ADDC}
		{F196A6B2-A8FD-4771-B864-26B011462377} = {F196A6B2-A8FD-4771-B864-26B011462377}
	EndProjectSection
EndProject
Project("{9A19103F-16F7-4668-BE54-9A1E7A4F7556}") = "NetChannel", "NetChannel\NetChannel.csproj", "{3EC5915D-B7DC-4C6C-AC42-4CF00C17ADDC}"
	ProjectSection(ProjectDependencies) = postProject
		{F196A6B2-A8FD-4771-B864-26B011462377} = {F196A6B2-A8FD-4771-B864-26B011462377}
	EndProjectSection
EndProject
Project("{9A19103F-16F7-4668-BE54-9A1E7A4F7556}") = "Common", "Common\Common.csproj", "{F196A6B2-A8FD-4771-B864-26B011462377}"
EndProject
Project("{2150E333-8FDC-42A3-9474-1A3956D46DE8}") = "Test", "Test", "{6D5FC32E-C41D-4977-942B-62F58A4C31B4}"
EndProject
Project("{FAE04EC0-301F-11D3-BF4B-00C04F79EFBC}") = "TestDataConvert", "TestDataConvert\TestDataConvert.csproj", "{F502BDC9-ADC9-4D9D-A689-03E224C86FE8}"
	ProjectSection(ProjectDependencies) = postProject
		{3EC5915D-B7DC-4C6C-AC42-4CF00C17ADDC} = {3EC5915D-B7DC-4C6C-AC42-4CF00C17ADDC}
		{F196A6B2-A8FD-4771-B864-26B011462377} = {F196A6B2-A8FD-4771-B864-26B011462377}
	EndProjectSection
EndProject
Project("{FAE04EC0-301F-11D3-BF4B-00C04F79EFBC}") = "TestKcpClient", "TestKcpClient\TestKcpClient.csproj", "{8DA8CD8E-6E95-47CC-9EB0-A97729CFB239}"
	ProjectSection(ProjectDependencies) = postProject
		{3EC5915D-B7DC-4C6C-AC42-4CF00C17ADDC} = {3EC5915D-B7DC-4C6C-AC42-4CF00C17ADDC}
		{F196A6B2-A8FD-4771-B864-26B011462377} = {F196A6B2-A8FD-4771-B864-26B011462377}
	EndProjectSection
EndProject
Project("{FAE04EC0-301F-11D3-BF4B-00C04F79EFBC}") = "TestKcpServer", "TestKcpServer\TestKcpServer.csproj", "{D0C5BCC6-EFAB-4D55-9356-1FD378C9ACF1}"
	ProjectSection(ProjectDependencies) = postProject
		{3EC5915D-B7DC-4C6C-AC42-4CF00C17ADDC} = {3EC5915D-B7DC-4C6C-AC42-4CF00C17ADDC}
		{F196A6B2-A8FD-4771-B864-26B011462377} = {F196A6B2-A8FD-4771-B864-26B011462377}
	EndProjectSection
EndProject
Project("{FAE04EC0-301F-11D3-BF4B-00C04F79EFBC}") = "TestPacketParser", "TestPacketParser\TestPacketParser.csproj", "{B90A5B61-DA5C-468D-B8E6-595BC9A9DF62}"
	ProjectSection(ProjectDependencies) = postProject
		{3EC5915D-B7DC-4C6C-AC42-4CF00C17ADDC} = {3EC5915D-B7DC-4C6C-AC42-4CF00C17ADDC}
		{F196A6B2-A8FD-4771-B864-26B011462377} = {F196A6B2-A8FD-4771-B864-26B011462377}
	EndProjectSection
EndProject
Global
	GlobalSection(SolutionConfigurationPlatforms) = preSolution
		Debug|Any CPU = Debug|Any CPU
		Release|Any CPU = Release|Any CPU
	EndGlobalSection
	GlobalSection(ProjectConfigurationPlatforms) = postSolution
		{4E17E040-D289-4121-B829-3A94D36378DA}.Debug|Any CPU.ActiveCfg = Debug|Any CPU
		{4E17E040-D289-4121-B829-3A94D36378DA}.Debug|Any CPU.Build.0 = Debug|Any CPU
		{4E17E040-D289-4121-B829-3A94D36378DA}.Release|Any CPU.ActiveCfg = Release|Any CPU
		{4E17E040-D289-4121-B829-3A94D36378DA}.Release|Any CPU.Build.0 = Release|Any CPU
		{80DA0EAA-2307-40BA-AC75-BF930350D51E}.Debug|Any CPU.ActiveCfg = Debug|Any CPU
		{80DA0EAA-2307-40BA-AC75-BF930350D51E}.Debug|Any CPU.Build.0 = Debug|Any CPU
		{80DA0EAA-2307-40BA-AC75-BF930350D51E}.Release|Any CPU.ActiveCfg = Release|Any CPU
		{80DA0EAA-2307-40BA-AC75-BF930350D51E}.Release|Any CPU.Build.0 = Release|Any CPU
		{3EC5915D-B7DC-4C6C-AC42-4CF00C17ADDC}.Debug|Any CPU.ActiveCfg = Debug|Any CPU
		{3EC5915D-B7DC-4C6C-AC42-4CF00C17ADDC}.Debug|Any CPU.Build.0 = Debug|Any CPU
		{3EC5915D-B7DC-4C6C-AC42-4CF00C17ADDC}.Release|Any CPU.ActiveCfg = Release|Any CPU
		{3EC5915D-B7DC-4C6C-AC42-4CF00C17ADDC}.Release|Any CPU.Build.0 = Release|Any CPU
		{F196A6B2-A8FD-4771-B864-26B011462377}.Debug|Any CPU.ActiveCfg = Debug|Any CPU
		{F196A6B2-A8FD-4771-B864-26B011462377}.Debug|Any CPU.Build.0 = Debug|Any CPU
		{F196A6B2-A8FD-4771-B864-26B011462377}.Release|Any CPU.ActiveCfg = Release|Any CPU
		{F196A6B2-A8FD-4771-B864-26B011462377}.Release|Any CPU.Build.0 = Release|Any CPU
		{F502BDC9-ADC9-4D9D-A689-03E224C86FE8}.Debug|Any CPU.ActiveCfg = Debug|Any CPU
		{F502BDC9-ADC9-4D9D-A689-03E224C86FE8}.Debug|Any CPU.Build.0 = Debug|Any CPU
		{F502BDC9-ADC9-4D9D-A689-03E224C86FE8}.Release|Any CPU.ActiveCfg = Release|Any CPU
		{F502BDC9-ADC9-4D9D-A689-03E224C86FE8}.Release|Any CPU.Build.0 = Release|Any CPU
		{8DA8CD8E-6E95-47CC-9EB0-A97729CFB239}.Debug|Any CPU.ActiveCfg = Debug|Any CPU
		{8DA8CD8E-6E95-47CC-9EB0-A97729CFB239}.Debug|Any CPU.Build.0 = Debug|Any CPU
		{8DA8CD8E-6E95-47CC-9EB0-A97729CFB239}.Release|Any CPU.ActiveCfg = Release|Any CPU
		{8DA8CD8E-6E95-47CC-9EB0-A97729CFB239}.Release|Any CPU.Build.0 = Release|Any CPU
		{D0C5BCC6-EFAB-4D55-9356-1FD378C9ACF1}.Debug|Any CPU.ActiveCfg = Debug|Any CPU
		{D0C5BCC6-EFAB-4D55-9356-1FD378C9ACF1}.Debug|Any CPU.Build.0 = Debug|Any CPU
		{D0C5BCC6-EFAB-4D55-9356-1FD378C9ACF1}.Release|Any CPU.ActiveCfg = Release|Any CPU
		{D0C5BCC6-EFAB-4D55-9356-1FD378C9ACF1}.Release|Any CPU.Build.0 = Release|Any CPU
		{B90A5B61-DA5C-468D-B8E6-595BC9A9DF62}.Debug|Any CPU.ActiveCfg = Debug|Any CPU
		{B90A5B61-DA5C-468D-B8E6-595BC9A9DF62}.Debug|Any CPU.Build.0 = Debug|Any CPU
		{B90A5B61-DA5C-468D-B8E6-595BC9A9DF62}.Release|Any CPU.ActiveCfg = Release|Any CPU
		{B90A5B61-DA5C-468D-B8E6-595BC9A9DF62}.Release|Any CPU.Build.0 = Release|Any CPU
	EndGlobalSection
	GlobalSection(SolutionProperties) = preSolution
		HideSolutionNode = FALSE
	EndGlobalSection
	GlobalSection(NestedProjects) = preSolution
		{4E17E040-D289-4121-B829-3A94D36378DA} = {7B1147BF-7F87-4EA2-91F6-6EECD2192526}
		{80DA0EAA-2307-40BA-AC75-BF930350D51E} = {7B1147BF-7F87-4EA2-91F6-6EECD2192526}
		{F502BDC9-ADC9-4D9D-A689-03E224C86FE8} = {6D5FC32E-C41D-4977-942B-62F58A4C31B4}
		{8DA8CD8E-6E95-47CC-9EB0-A97729CFB239} = {7B1147BF-7F87-4EA2-91F6-6EECD2192526}
		{D0C5BCC6-EFAB-4D55-9356-1FD378C9ACF1} = {7B1147BF-7F87-4EA2-91F6-6EECD2192526}
		{B90A5B61-DA5C-468D-B8E6-595BC9A9DF62} = {6D5FC32E-C41D-4977-942B-62F58A4C31B4}
	EndGlobalSection
	GlobalSection(ExtensibilityGlobals) = postSolution
		SolutionGuid = {8C8A6019-5A34-44C4-9E91-68054B93C021}
	EndGlobalSection
EndGlobal
